
Microsoft Visual Studio Solution File, Format Version 12.00
# Visual Studio 15
VisualStudioVersion = 15.0.27130.2020
MinimumVisualStudioVersion = 10.0.40219.1
Project("{FAE04EC0-301F-11D3-BF4B-00C04F79EFBC}") = "TestTrain", "TestTrain\TestTrain.csproj", "{776C90B5-DC31-46B4-9740-A09499FE367D}"
EndProject
Global
	GlobalSection(SolutionConfigurationPlatforms) = preSolution
		Debug|Any CPU = Debug|Any CPU
		Release|Any CPU = Release|Any CPU
	EndGlobalSection
	GlobalSection(ProjectConfigurationPlatforms) = postSolution
		{776C90B5-DC31-46B4-9740-A09499FE367D}.Debug|Any CPU.ActiveCfg = Debug|Any CPU
		{776C90B5-DC31-46B4-9740-A09499FE367D}.Debug|Any CPU.Build.0 = Debug|Any CPU
		{776C90B5-DC31-46B4-9740-A09499FE367D}.Release|Any CPU.ActiveCfg = Release|Any CPU
		{776C90B5-DC31-46B4-9740-A09499FE367D}.Release|Any CPU.Build.0 = Release|Any CPU
	EndGlobalSection
	GlobalSection(SolutionProperties) = preSolution
		HideSolutionNode = FALSE
	EndGlobalSection
	GlobalSection(ExtensibilityGlobals) = postSolution
		SolutionGuid = {7EEC593F-13A9-45A7-AB88-F46F7A246B6B}
	EndGlobalSection
EndGlobal
